
Microsoft Visual Studio Solution File, Format Version 12.00
# Visual Studio Version 17
VisualStudioVersion = 17.8.34408.163
MinimumVisualStudioVersion = 10.0.40219.1
Project("{FAE04EC0-301F-11D3-BF4B-00C04F79EFBC}") = "EvaluationC#Parallelisme", "EvaluationC#Parallelisme\EvaluationC#Parallelisme.csproj", "{1A78F2AE-8859-407C-8437-473C481A57CF}"
EndProject
Global
	GlobalSection(SolutionConfigurationPlatforms) = preSolution
		Debug|Any CPU = Debug|Any CPU
		Release|Any CPU = Release|Any CPU
	EndGlobalSection
	GlobalSection(ProjectConfigurationPlatforms) = postSolution
		{1A78F2AE-8859-407C-8437-473C481A57CF}.Debug|Any CPU.ActiveCfg = Debug|Any CPU
		{1A78F2AE-8859-407C-8437-473C481A57CF}.Debug|Any CPU.Build.0 = Debug|Any CPU
		{1A78F2AE-8859-407C-8437-473C481A57CF}.Release|Any CPU.ActiveCfg = Release|Any CPU
		{1A78F2AE-8859-407C-8437-473C481A57CF}.Release|Any CPU.Build.0 = Release|Any CPU
	EndGlobalSection
	GlobalSection(SolutionProperties) = preSolution
		HideSolutionNode = FALSE
	EndGlobalSection
	GlobalSection(ExtensibilityGlobals) = postSolution
		SolutionGuid = {92C569E8-F0CD-4425-9A84-57FC3E4D3444}
	EndGlobalSection
EndGlobal
